
Microsoft Visual Studio Solution File, Format Version 12.00
# Visual Studio Version 17
VisualStudioVersion = 17.3.32804.467
MinimumVisualStudioVersion = 10.0.40219.1
Project("{FAE04EC0-301F-11D3-BF4B-00C04F79EFBC}") = "ArraysStrings", "ArraysStrings\ArraysStrings.csproj", "{1F71D960-6F64-4637-BDAA-1ACE25C8F674}"
EndProject
Global
	GlobalSection(SolutionConfigurationPlatforms) = preSolution
		Debug|Any CPU = Debug|Any CPU
		Release|Any CPU = Release|Any CPU
	EndGlobalSection
	GlobalSection(ProjectConfigurationPlatforms) = postSolution
		{1F71D960-6F64-4637-BDAA-1ACE25C8F674}.Debug|Any CPU.ActiveCfg = Debug|Any CPU
		{1F71D960-6F64-4637-BDAA-1ACE25C8F674}.Debug|Any CPU.Build.0 = Debug|Any CPU
		{1F71D960-6F64-4637-BDAA-1ACE25C8F674}.Release|Any CPU.ActiveCfg = Release|Any CPU
		{1F71D960-6F64-4637-BDAA-1ACE25C8F674}.Release|Any CPU.Build.0 = Release|Any CPU
	EndGlobalSection
	GlobalSection(SolutionProperties) = preSolution
		HideSolutionNode = FALSE
	EndGlobalSection
	GlobalSection(ExtensibilityGlobals) = postSolution
		SolutionGuid = {793FA9AD-5E85-47EB-B5E8-51C554B8F9C7}
	EndGlobalSection
EndGlobal
